
Microsoft Visual Studio Solution File, Format Version 12.00
# Visual Studio Version 17
VisualStudioVersion = 17.1.32210.238
MinimumVisualStudioVersion = 10.0.40219.1
Project("{FAE04EC0-301F-11D3-BF4B-00C04F79EFBC}") = "SocialNetwork", "SocialNetwork\SocialNetwork.csproj", "{81D1BD18-52FA-444A-8A61-25157BCB028E}"
EndProject
Project("{FAE04EC0-301F-11D3-BF4B-00C04F79EFBC}") = "SocialNetworkIntegrationTests", "SocialNetworkIntegrationTests\SocialNetworkIntegrationTests.csproj", "{01F662FA-160E-4413-8CD9-535131507D75}"
EndProject
Project("{FAE04EC0-301F-11D3-BF4B-00C04F79EFBC}") = "SocialNetworkUnitTest", "SocialNetworkUnitTest\SocialNetworkUnitTest.csproj", "{19FB6A69-59C9-4279-8BD5-38D10B59785B}"
EndProject
Global
	GlobalSection(SolutionConfigurationPlatforms) = preSolution
		Debug|Any CPU = Debug|Any CPU
		Release|Any CPU = Release|Any CPU
	EndGlobalSection
	GlobalSection(ProjectConfigurationPlatforms) = postSolution
		{81D1BD18-52FA-444A-8A61-25157BCB028E}.Debug|Any CPU.ActiveCfg = Debug|Any CPU
		{81D1BD18-52FA-444A-8A61-25157BCB028E}.Debug|Any CPU.Build.0 = Debug|Any CPU
		{81D1BD18-52FA-444A-8A61-25157BCB028E}.Release|Any CPU.ActiveCfg = Release|Any CPU
		{81D1BD18-52FA-444A-8A61-25157BCB028E}.Release|Any CPU.Build.0 = Release|Any CPU
		{01F662FA-160E-4413-8CD9-535131507D75}.Debug|Any CPU.ActiveCfg = Debug|Any CPU
		{01F662FA-160E-4413-8CD9-535131507D75}.Debug|Any CPU.Build.0 = Debug|Any CPU
		{01F662FA-160E-4413-8CD9-535131507D75}.Release|Any CPU.ActiveCfg = Release|Any CPU
		{01F662FA-160E-4413-8CD9-535131507D75}.Release|Any CPU.Build.0 = Release|Any CPU
		{19FB6A69-59C9-4279-8BD5-38D10B59785B}.Debug|Any CPU.ActiveCfg = Debug|Any CPU
		{19FB6A69-59C9-4279-8BD5-38D10B59785B}.Debug|Any CPU.Build.0 = Debug|Any CPU
		{19FB6A69-59C9-4279-8BD5-38D10B59785B}.Release|Any CPU.ActiveCfg = Release|Any CPU
		{19FB6A69-59C9-4279-8BD5-38D10B59785B}.Release|Any CPU.Build.0 = Release|Any CPU
	EndGlobalSection
	GlobalSection(SolutionProperties) = preSolution
		HideSolutionNode = FALSE
	EndGlobalSection
	GlobalSection(ExtensibilityGlobals) = postSolution
		SolutionGuid = {CFA54727-4A02-4B26-AC88-A475F40E2976}
	EndGlobalSection
EndGlobal
